// !$*UTF8*$!
{
	archiveVersion = 1;
	classes = {
	};
	objectVersion = 46;
	objects = {

/* Begin PBXBuildFile section */
		B22656111DAF8FA700F5DD98 /* bai2.swift in Sources */ = {isa = PBXBuildFile; fileRef = B22656101DAF8FA700F5DD98 /* bai2.swift */; };
		B22656131DAF8FB100F5DD98 /* bai3.swift in Sources */ = {isa = PBXBuildFile; fileRef = B22656121DAF8FB100F5DD98 /* bai3.swift */; };
		B24FAB621DAF59D400A55084 /* bai1VC.swift in Sources */ = {isa = PBXBuildFile; fileRef = B24FAB611DAF59D400A55084 /* bai1VC.swift */; };
		B2BDF7661DA7F1E700280513 /* AppDelegate.swift in Sources */ = {isa = PBXBuildFile; fileRef = B2BDF7651DA7F1E700280513 /* AppDelegate.swift */; };
		B2BDF7681DA7F1E700280513 /* ViewController.swift in Sources */ = {isa = PBXBuildFile; fileRef = B2BDF7671DA7F1E700280513 /* ViewController.swift */; };
		B2BDF76B1DA7F1E700280513 /* Main.storyboard in Resources */ = {isa = PBXBuildFile; fileRef = B2BDF7691DA7F1E700280513 /* Main.storyboard */; };
		B2BDF76D1DA7F1E700280513 /* Assets.xcassets in Resources */ = {isa = PBXBuildFile; fileRef = B2BDF76C1DA7F1E700280513 /* Assets.xcassets */; };
		B2BDF7701DA7F1E700280513 /* LaunchScreen.storyboard in Resources */ = {isa = PBXBuildFile; fileRef = B2BDF76E1DA7F1E700280513 /* LaunchScreen.storyboard */; };
/* End PBXBuildFile section */

/* Begin PBXFileReference section */
		B22656101DAF8FA700F5DD98 /* bai2.swift */ = {isa = PBXFileReference; fileEncoding = 4; lastKnownFileType = sourcecode.swift; path = bai2.swift; sourceTree = "<group>"; };
		B22656121DAF8FB100F5DD98 /* bai3.swift */ = {isa = PBXFileReference; fileEncoding = 4; lastKnownFileType = sourcecode.swift; path = bai3.swift; sourceTree = "<group>"; };
		B24FAB611DAF59D400A55084 /* bai1VC.swift */ = {isa = PBXFileReference; fileEncoding = 4; lastKnownFileType = sourcecode.swift; path = bai1VC.swift; sourceTree = "<group>"; };
		B2BDF7621DA7F1E700280513 /* baitapseminar6_10_2016.app */ = {isa = PBXFileReference; explicitFileType = wrapper.application; includeInIndex = 0; path = baitapseminar6_10_2016.app; sourceTree = BUILT_PRODUCTS_DIR; };
		B2BDF7651DA7F1E700280513 /* AppDelegate.swift */ = {isa = PBXFileReference; lastKnownFileType = sourcecode.swift; path = AppDelegate.swift; sourceTree = "<group>"; };
		B2BDF7671DA7F1E700280513 /* ViewController.swift */ = {isa = PBXFileReference; lastKnownFileType = sourcecode.swift; path = ViewController.swift; sourceTree = "<group>"; };
		B2BDF76A1DA7F1E700280513 /* Base */ = {isa = PBXFileReference; lastKnownFileType = file.storyboard; name = Base; path = Base.lproj/Main.storyboard; sourceTree = "<group>"; };
		B2BDF76C1DA7F1E700280513 /* Assets.xcassets */ = {isa = PBXFileReference; lastKnownFileType = folder.assetcatalog; path = Assets.xcassets; sourceTree = "<group>"; };
		B2BDF76F1DA7F1E700280513 /* Base */ = {isa = PBXFileReference; lastKnownFileType = file.storyboard; name = Base; path = Base.lproj/LaunchScreen.storyboard; sourceTree = "<group>"; };
		B2BDF7711DA7F1E700280513 /* Info.plist */ = {isa = PBXFileReference; lastKnownFileType = text.plist.xml; path = Info.plist; sourceTree = "<group>"; };
/* End PBXFileReference section */

/* Begin PBXFrameworksBuildPhase section */
		B2BDF75F1DA7F1E700280513 /* Frameworks */ = {
			isa = PBXFrameworksBuildPhase;
			buildActionMask = 2147483647;
			files = (
			);
			runOnlyForDeploymentPostprocessing = 0;
		};
/* End PBXFrameworksBuildPhase section */

/* Begin PBXGroup section */
		B2BDF7591DA7F1E700280513 = {
			isa = PBXGroup;
			children = (
				B2BDF7641DA7F1E700280513 /* baitapseminar6_10_2016 */,
				B2BDF7631DA7F1E700280513 /* Products */,
			);
			sourceTree = "<group>";
		};
		B2BDF7631DA7F1E700280513 /* Products */ = {
			isa = PBXGroup;
			children = (
				B2BDF7621DA7F1E700280513 /* baitapseminar6_10_2016.app */,
			);
			name = Products;
			sourceTree = "<group>";
		};
		B2BDF7641DA7F1E700280513 /* baitapseminar6_10_2016 */ = {
			isa = PBXGroup;
			children = (
				B2BDF7651DA7F1E700280513 /* AppDelegate.swift */,
				B2BDF7671DA7F1E700280513 /* ViewController.swift */,
				B2BDF7691DA7F1E700280513 /* Main.storyboard */,
				B2BDF76C1DA7F1E700280513 /* Assets.xcassets */,
				B2BDF76E1DA7F1E700280513 /* LaunchScreen.storyboard */,
				B2BDF7711DA7F1E700280513 /* Info.plist */,
				B24FAB611DAF59D400A55084 /* bai1VC.swift */,
				B22656101DAF8FA700F5DD98 /* bai2.swift */,
				B22656121DAF8FB100F5DD98 /* bai3.swift */,
			);
			path = baitapseminar6_10_2016;
			sourceTree = "<group>";
		};
/* End PBXGroup section */

/* Begin PBXNativeTarget section */
		B2BDF7611DA7F1E700280513 /* baitapseminar6_10_2016 */ = {
			isa = PBXNativeTarget;
			buildConfigurationList = B2BDF7741DA7F1E700280513 /* Build configuration list for PBXNativeTarget "baitapseminar6_10_2016" */;
			buildPhases = (
				B2BDF75E1DA7F1E700280513 /* Sources */,
				B2BDF75F1DA7F1E700280513 /* Frameworks */,
				B2BDF7601DA7F1E700280513 /* Resources */,
			);
			buildRules = (
			);
			dependencies = (
			);
			name = baitapseminar6_10_2016;
			productName = baitapseminar6_10_2016;
			productReference = B2BDF7621DA7F1E700280513 /* baitapseminar6_10_2016.app */;
			productType = "com.apple.product-type.application";
		};
/* End PBXNativeTarget section */

/* Begin PBXProject section */
		B2BDF75A1DA7F1E700280513 /* Project object */ = {
			isa = PBXProject;
			attributes = {
				LastSwiftUpdateCheck = 0800;
				LastUpgradeCheck = 0800;
				ORGANIZATIONNAME = "do duy hung";
				TargetAttributes = {
					B2BDF7611DA7F1E700280513 = {
						CreatedOnToolsVersion = 8.0;
						DevelopmentTeam = 4955F5CENX;
						ProvisioningStyle = Automatic;
					};
				};
			};
			buildConfigurationList = B2BDF75D1DA7F1E700280513 /* Build configuration list for PBXProject "baitapseminar6_10_2016" */;
			compatibilityVersion = "Xcode 3.2";
			developmentRegion = English;
			hasScannedForEncodings = 0;
			knownRegions = (
				en,
				Base,
			);
			mainGroup = B2BDF7591DA7F1E700280513;
			productRefGroup = B2BDF7631DA7F1E700280513 /* Products */;
			projectDirPath = "";
			projectRoot = "";
			targets = (
				B2BDF7611DA7F1E700280513 /* baitapseminar6_10_2016 */,
			);
		};
/* End PBXProject section */

/* Begin PBXResourcesBuildPhase section */
		B2BDF7601DA7F1E700280513 /* Resources */ = {
			isa = PBXResourcesBuildPhase;
			buildActionMask = 2147483647;
			files = (
				B2BDF7701DA7F1E700280513 /* LaunchScreen.storyboard in Resources */,
				B2BDF76D1DA7F1E700280513 /* Assets.xcassets in Resources */,
				B2BDF76B1DA7F1E700280513 /* Main.storyboard in Resources */,
			);
			runOnlyForDeploymentPostprocessing = 0;
		};
/* End PBXResourcesBuildPhase section */

/* Begin PBXSourcesBuildPhase section */
		B2BDF75E1DA7F1E700280513 /* Sources */ = {
			isa = PBXSourcesBuildPhase;
			buildActionMask = 2147483647;
			files = (
				B2BDF7681DA7F1E700280513 /* ViewController.swift in Sources */,
				B24FAB621DAF59D400A55084 /* bai1VC.swift in Sources */,
				B2BDF7661DA7F1E700280513 /* AppDelegate.swift in Sources */,
				B22656111DAF8FA700F5DD98 /* bai2.swift in Sources */,
				B22656131DAF8FB100F5DD98 /* bai3.swift in Sources */,
			);
			runOnlyForDeploymentPostprocessing = 0;
		};
/* End PBXSourcesBuildPhase section */

/* Begin PBXVariantGroup section */
		B2BDF7691DA7F1E700280513 /* Main.storyboard */ = {
			isa = PBXVariantGroup;
			children = (
				B2BDF76A1DA7F1E700280513 /* Base */,
			);
			name = Main.storyboard;
			sourceTree = "<group>";
		};
		B2BDF76E1DA7F1E700280513 /* LaunchScreen.storyboard */ = {
			isa = PBXVariantGroup;
			children = (
				B2BDF76F1DA7F1E700280513 /* Base */,
			);
			name = LaunchScreen.storyboard;
			sourceTree = "<group>";
		};
/* End PBXVariantGroup section */

/* Begin XCBuildConfiguration section */
		B2BDF7721DA7F1E700280513 /* Debug */ = {
			isa = XCBuildConfiguration;
			buildSettings = {
				ALWAYS_SEARCH_USER_PATHS = NO;
				CLANG_ANALYZER_NONNULL = YES;
				CLANG_CXX_LANGUAGE_STANDARD = "gnu++0x";
				CLANG_CXX_LIBRARY = "libc++";
				CLANG_ENABLE_MODULES = YES;
				CLANG_ENABLE_OBJC_ARC = YES;
				CLANG_WARN_BOOL_CONVERSION = YES;
				CLANG_WARN_CONSTANT_CONVERSION = YES;
				CLANG_WARN_DIRECT_OBJC_ISA_USAGE = YES_ERROR;
				CLANG_WARN_DOCUMENTATION_COMMENTS = YES;
				CLANG_WARN_EMPTY_BODY = YES;
				CLANG_WARN_ENUM_CONVERSION = YES;
				CLANG_WARN_INFINITE_RECURSION = YES;
				CLANG_WARN_INT_CONVERSION = YES;
				CLANG_WARN_OBJC_ROOT_CLASS = YES_ERROR;
				CLANG_WARN_SUSPICIOUS_MOVES = YES;
				CLANG_WARN_UNREACHABLE_CODE = YES;
				CLANG_WARN__DUPLICATE_METHOD_MATCH = YES;
				"CODE_SIGN_IDENTITY[sdk=iphoneos*]" = "iPhone Developer";
				COPY_PHASE_STRIP = NO;
				DEBUG_INFORMATION_FORMAT = dwarf;
				ENABLE_STRICT_OBJC_MSGSEND = YES;
				ENABLE_TESTABILITY = YES;
				GCC_C_LANGUAGE_STANDARD = gnu99;
				GCC_DYNAMIC_NO_PIC = NO;
				GCC_NO_COMMON_BLOCKS = YES;
				GCC_OPTIMIZATION_LEVEL = 0;
				GCC_PREPROCESSOR_DEFINITIONS = (
					"DEBUG=1",
					"$(inherited)",
				);
				GCC_WARN_64_TO_32_BIT_CONVERSION = YES;
				GCC_WARN_ABOUT_RETURN_TYPE = YES_ERROR;
				GCC_WARN_UNDECLARED_SELECTOR = YES;
				GCC_WARN_UNINITIALIZED_AUTOS = YES_AGGRESSIVE;
				GCC_WARN_UNUSED_FUNCTION = YES;
				GCC_WARN_UNUSED_VARIABLE = YES;
				IPHONEOS_DEPLOYMENT_TARGET = 10.0;
				MTL_ENABLE_DEBUG_INFO = YES;
				ONLY_ACTIVE_ARCH = YES;
				SDKROOT = iphoneos;
				SWIFT_ACTIVE_COMPILATION_CONDITIONS = DEBUG;
				SWIFT_OPTIMIZATION_LEVEL = "-Onone";
				TARGETED_DEVICE_FAMILY = "1,2";
			};
			name = Debug;
		};
		B2BDF7731DA7F1E700280513 /* Release */ = {
			isa = XCBuildConfiguration;
			buildSettings = {
				ALWAYS_SEARCH_USER_PATHS = NO;
				CLANG_ANALYZER_NONNULL = YES;
				CLANG_CXX_LANGUAGE_STANDARD = "gnu++0x";
				CLANG_CXX_LIBRARY = "libc++";
				CLANG_ENABLE_MODULES = YES;
				CLANG_ENABLE_OBJC_ARC = YES;
				CLANG_WARN_BOOL_CONVERSION = YES;
				CLANG_WARN_CONSTANT_CONVERSION = YES;
				CLANG_WARN_DIRECT_OBJC_ISA_USAGE = YES_ERROR;
				CLANG_WARN_DOCUMENTATION_COMMENTS = YES;
				CLANG_WARN_EMPTY_BODY = YES;
				CLANG_WARN_ENUM_CONVERSION = YES;
				CLANG_WARN_INFINITE_RECURSION = YES;
				CLANG_WARN_INT_CONVERSION = YES;
				CLANG_WARN_OBJC_ROOT_CLASS = YES_ERROR;
				CLANG_WARN_SUSPICIOUS_MOVES = YES;
				CLANG_WARN_UNREACHABLE_CODE = YES;
				CLANG_WARN__DUPLICATE_METHOD_MATCH = YES;
				"CODE_SIGN_IDENTITY[sdk=iphoneos*]" = "iPhone Developer";
				COPY_PHASE_STRIP = NO;
				DEBUG_INFORMATION_FORMAT = "dwarf-with-dsym";
				ENABLE_NS_ASSERTIONS = NO;
				ENABLE_STRICT_OBJC_MSGSEND = YES;
				GCC_C_LANGUAGE_STANDARD = gnu99;
				GCC_NO_COMMON_BLOCKS = YES;
				GCC_WARN_64_TO_32_BIT_CONVERSION = YES;
				GCC_WARN_ABOUT_RETURN_TYPE = YES_ERROR;
				GCC_WARN_UNDECLARED_SELECTOR = YES;
				GCC_WARN_UNINITIALIZED_AUTOS = YES_AGGRESSIVE;
				GCC_WARN_UNUSED_FUNCTION = YES;
				GCC_WARN_UNUSED_VARIABLE = YES;
				IPHONEOS_DEPLOYMENT_TARGET = 10.0;
				MTL_ENABLE_DEBUG_INFO = NO;
				SDKROOT = iphoneos;
				SWIFT_OPTIMIZATION_LEVEL = "-Owholemodule";
				TARGETED_DEVICE_FAMILY = "1,2";
				VALIDATE_PRODUCT = YES;
			};
			name = Release;
		};
		B2BDF7751DA7F1E700280513 /* Debug */ = {
			isa = XCBuildConfiguration;
			buildSettings = {
				ASSETCATALOG_COMPILER_APPICON_NAME = AppIcon;
				DEVELOPMENT_TEAM = 4955F5CENX;
				INFOPLIST_FILE = baitapseminar6_10_2016/Info.plist;
				LD_RUNPATH_SEARCH_PATHS = "$(inherited) @executable_path/Frameworks";
				PRODUCT_BUNDLE_IDENTIFIER = "hung.baitapseminar6-10-2016";
				PRODUCT_NAME = "$(TARGET_NAME)";
				SWIFT_VERSION = 3.0;
			};
			name = Debug;
		};
		B2BDF7761DA7F1E700280513 /* Release */ = {
			isa = XCBuildConfiguration;
			buildSettings = {
				ASSETCATALOG_COMPILER_APPICON_NAME = AppIcon;
				DEVELOPMENT_TEAM = 4955F5CENX;
				INFOPLIST_FILE = baitapseminar6_10_2016/Info.plist;
				LD_RUNPATH_SEARCH_PATHS = "$(inherited) @executable_path/Frameworks";
				PRODUCT_BUNDLE_IDENTIFIER = "hung.baitapseminar6-10-2016";
				PRODUCT_NAME = "$(TARGET_NAME)";
				SWIFT_VERSION = 3.0;
			};
			name = Release;
		};
/* End XCBuildConfiguration section */

/* Begin XCConfigurationList section */
		B2BDF75D1DA7F1E700280513 /* Build configuration list for PBXProject "baitapseminar6_10_2016" */ = {
			isa = XCConfigurationList;
			buildConfigurations = (
				B2BDF7721DA7F1E700280513 /* Debug */,
				B2BDF7731DA7F1E700280513 /* Release */,
			);
			defaultConfigurationIsVisible = 0;
			defaultConfigurationName = Release;
		};
		B2BDF7741DA7F1E700280513 /* Build configuration list for PBXNativeTarget "baitapseminar6_10_2016" */ = {
			isa = XCConfigurationList;
			buildConfigurations = (
				B2BDF7751DA7F1E700280513 /* Debug */,
				B2BDF7761DA7F1E700280513 /* Release */,
			);
			defaultConfigurationIsVisible = 0;
			defaultConfigurationName = Release;
		};
/* End XCConfigurationList section */
	};
	rootObject = B2BDF75A1DA7F1E700280513 /* Project object */;
}
